
Microsoft Visual Studio Solution File, Format Version 12.00
# Visual Studio Version 17
VisualStudioVersion = 17.14.36414.22 d17.14
MinimumVisualStudioVersion = 10.0.40219.1
Project("{FAE04EC0-301F-11D3-BF4B-00C04F79EFBC}") = "Programacion3MovilCrudAPI", "Programacion3MovilCrudAPI\Programacion3MovilCrudAPI.csproj", "{EC3B5B8F-AB06-4DFD-8E6F-A801E1BDB9BE}"
EndProject
Global
	GlobalSection(SolutionConfigurationPlatforms) = preSolution
		Debug|Any CPU = Debug|Any CPU
		Release|Any CPU = Release|Any CPU
	EndGlobalSection
	GlobalSection(ProjectConfigurationPlatforms) = postSolution
		{EC3B5B8F-AB06-4DFD-8E6F-A801E1BDB9BE}.Debug|Any CPU.ActiveCfg = Debug|Any CPU
		{EC3B5B8F-AB06-4DFD-8E6F-A801E1BDB9BE}.Debug|Any CPU.Build.0 = Debug|Any CPU
		{EC3B5B8F-AB06-4DFD-8E6F-A801E1BDB9BE}.Release|Any CPU.ActiveCfg = Release|Any CPU
		{EC3B5B8F-AB06-4DFD-8E6F-A801E1BDB9BE}.Release|Any CPU.Build.0 = Release|Any CPU
	EndGlobalSection
	GlobalSection(SolutionProperties) = preSolution
		HideSolutionNode = FALSE
	EndGlobalSection
	GlobalSection(ExtensibilityGlobals) = postSolution
		SolutionGuid = {FE7861EF-E0A2-4739-9E71-BE73B3AD8918}
	EndGlobalSection
EndGlobal
